
Microsoft Visual Studio Solution File, Format Version 12.00
# Visual Studio Version 17
VisualStudioVersion = 17.14.36221.1 d17.14
MinimumVisualStudioVersion = 10.0.40219.1
Project("{FAE04EC0-301F-11D3-BF4B-00C04F79EFBC}") = "UserApi", "UserApi.csproj", "{567BEC2F-CAEF-4EB9-8289-748223D55E9F}"
EndProject
Global
	GlobalSection(SolutionConfigurationPlatforms) = preSolution
		Debug|Any CPU = Debug|Any CPU
		Release|Any CPU = Release|Any CPU
	EndGlobalSection
	GlobalSection(ProjectConfigurationPlatforms) = postSolution
		{567BEC2F-CAEF-4EB9-8289-748223D55E9F}.Debug|Any CPU.ActiveCfg = Debug|Any CPU
		{567BEC2F-CAEF-4EB9-8289-748223D55E9F}.Debug|Any CPU.Build.0 = Debug|Any CPU
		{567BEC2F-CAEF-4EB9-8289-748223D55E9F}.Release|Any CPU.ActiveCfg = Release|Any CPU
		{567BEC2F-CAEF-4EB9-8289-748223D55E9F}.Release|Any CPU.Build.0 = Release|Any CPU
	EndGlobalSection
	GlobalSection(SolutionProperties) = preSolution
		HideSolutionNode = FALSE
	EndGlobalSection
	GlobalSection(ExtensibilityGlobals) = postSolution
		SolutionGuid = {AC7778EC-D925-4A76-88E1-9ED5CB446551}
	EndGlobalSection
EndGlobal
